# This file is automatically @generated by Cargo.
# It is not intended for manual editing.
version = 4

[[package]]
name = "compusophy-applang"
version = "0.1.0"
dependencies = [
 "compusophy-applang-syntax",
 "compusophy-fuel",
 "compusophy-lang",
]

[[package]]
name = "compusophy-applang-syntax"
version = "0.1.0"
dependencies = [
 "compusophy-lang",
]

[[package]]
name = "compusophy-cap"
version = "0.1.0"

[[package]]
name = "compusophy-fuel"
version = "0.1.0"

[[package]]
name = "compusophy-lang"
version = "0.1.0"

[[package]]
name = "compusophy-wasmgen"
version = "0.1.0"

[[package]]
name = "compusophy-wm"
version = "0.1.0"
