# This file is automatically @generated by Cargo.
# It is not intended for manual editing.
version = 4

[[package]]
name = "bumpalo"
version = "3.20.3"
source = "registry+https://github.com/rust-lang/crates.io-index"
checksum = "72f5acc6cb2ba439de613abc23857ec3d78374d8ed5ac84e9d11336e87da8649"

[[package]]
name = "cfg-if"
version = "1.0.5"
source = "registry+https://github.com/rust-lang/crates.io-index"
checksum = "4e7648175b45a9a48536d676f68d918270699102aa8dab5496df06904c914600"

[[package]]
name = "compusophy-activity"
version = "0.1.0"
dependencies = [
 "compusophy-icons",
 "compusophy-uiwire",
]

[[package]]
name = "compusophy-agent"
version = "0.1.0"
dependencies = [
 "compusophy-applang",
 "compusophy-assistant",
 "compusophy-coder",
 "compusophy-sh",
 "compusophy-uiwire",
 "compusophy-vfs",
]

[[package]]
name = "compusophy-applang"
version = "0.1.0"
dependencies = [
 "compusophy-applang-syntax",
 "compusophy-fuel",
 "compusophy-gfx",
 "compusophy-icons",
 "compusophy-lang",
 "compusophy-uiview",
 "compusophy-uiwire",
]

[[package]]
name = "compusophy-applang-syntax"
version = "0.1.0"
dependencies = [
 "compusophy-lang",
]

[[package]]
name = "compusophy-apps"
version = "0.1.0"
dependencies = [
 "compusophy-ui",
 "compusophy-uiwire",
 "compusophy-vfs",
]

[[package]]
name = "compusophy-assistant"
version = "0.1.0"
dependencies = [
 "compusophy-activity",
 "compusophy-chats",
 "compusophy-coder",
 "compusophy-files",
 "compusophy-gfx",
 "compusophy-host",
 "compusophy-system",
 "compusophy-ui",
 "compusophy-uiview",
 "compusophy-uiwire",
 "compusophy-vfs",
 "compusophy-wm",
]

[[package]]
name = "compusophy-canvas"
version = "0.1.0"
dependencies = [
 "compusophy-gfx",
 "compusophy-ui",
 "compusophy-uiwire",
]

[[package]]
name = "compusophy-chats"
version = "0.1.0"
dependencies = [
 "compusophy-uiwire",
]

[[package]]
name = "compusophy-coder"
version = "0.1.0"
dependencies = [
 "compusophy-applang",
 "compusophy-icons",
 "compusophy-lang",
]

[[package]]
name = "compusophy-cpu"
version = "0.1.0"
dependencies = [
 "compusophy-kernel",
 "compusophy-wasi",
 "js-sys",
 "wasm-bindgen",
 "web-sys",
]

[[package]]
name = "compusophy-evals"
version = "0.1.0"
dependencies = [
 "compusophy-coder",
 "compusophy-makes",
 "compusophy-uiwire",
]

[[package]]
name = "compusophy-files"
version = "0.1.0"
dependencies = [
 "compusophy-system",
 "compusophy-vfs",
]

[[package]]
name = "compusophy-font"
version = "0.1.0"

[[package]]
name = "compusophy-fuel"
version = "0.1.0"

[[package]]
name = "compusophy-gfx"
version = "0.1.0"

[[package]]
name = "compusophy-home"
version = "0.1.0"
dependencies = [
 "compusophy-gfx",
 "compusophy-host",
 "compusophy-ui",
]

[[package]]
name = "compusophy-host"
version = "0.1.0"
dependencies = [
 "compusophy-gfx",
 "compusophy-kernel",
 "compusophy-ui",
 "compusophy-vfs",
 "compusophy-wm",
]

[[package]]
name = "compusophy-icons"
version = "0.1.0"
dependencies = [
 "compusophy-font",
]

[[package]]
name = "compusophy-iq"
version = "0.1.0"
dependencies = [
 "compusophy-applang",
 "compusophy-applang-syntax",
 "compusophy-coder",
 "compusophy-makes",
]

[[package]]
name = "compusophy-kernel"
version = "0.1.0"
dependencies = [
 "compusophy-vfs",
]

[[package]]
name = "compusophy-lab"
version = "0.1.0"
dependencies = [
 "compusophy-applang",
 "compusophy-applang-syntax",
 "compusophy-coder",
 "compusophy-tiny",
]

[[package]]
name = "compusophy-lang"
version = "0.1.0"

[[package]]
name = "compusophy-logon"
version = "0.1.0"
dependencies = [
 "compusophy-gfx",
 "compusophy-home",
 "compusophy-host",
 "compusophy-profiles",
 "compusophy-ui",
]

[[package]]
name = "compusophy-makes"
version = "0.1.0"
dependencies = [
 "compusophy-applang",
 "compusophy-coder",
 "compusophy-icons",
]

[[package]]
name = "compusophy-os"
version = "0.1.0"
dependencies = [
 "compusophy-apps",
 "compusophy-gfx",
 "compusophy-logon",
 "compusophy-platform",
 "compusophy-report",
 "compusophy-shell",
 "compusophy-ui",
 "compusophy-uiview",
 "compusophy-uiwire",
 "compusophy-vfs",
 "compusophy-wm",
 "wasm-bindgen",
]

[[package]]
name = "compusophy-platform"
version = "0.1.0"
dependencies = [
 "compusophy-gfx",
 "js-sys",
 "wasm-bindgen",
 "web-sys",
]

[[package]]
name = "compusophy-profiles"
version = "0.1.0"
dependencies = [
 "compusophy-ui",
]

[[package]]
name = "compusophy-report"
version = "0.1.0"
dependencies = [
 "compusophy-platform",
 "compusophy-profiles",
 "compusophy-ui",
]

[[package]]
name = "compusophy-sh"
version = "0.1.0"
dependencies = [
 "compusophy-kernel",
 "compusophy-vfs",
]

[[package]]
name = "compusophy-shell"
version = "0.1.0"
dependencies = [
 "compusophy-gfx",
 "compusophy-home",
 "compusophy-host",
 "compusophy-ui",
 "compusophy-vfs",
 "compusophy-wm",
]

[[package]]
name = "compusophy-studio"
version = "0.1.0"
dependencies = [
 "compusophy-applang",
 "compusophy-coder",
 "compusophy-lang",
 "compusophy-uiwire",
]

[[package]]
name = "compusophy-system"
version = "0.1.0"
dependencies = [
 "compusophy-activity",
 "compusophy-host",
 "compusophy-icons",
 "compusophy-ui",
 "compusophy-uiwire",
 "compusophy-vfs",
]

[[package]]
name = "compusophy-teach"
version = "0.1.0"
dependencies = [
 "compusophy-applang",
 "compusophy-coder",
 "compusophy-iq",
]

[[package]]
name = "compusophy-term"
version = "0.1.0"
dependencies = [
 "compusophy-vt",
]

[[package]]
name = "compusophy-terminal"
version = "0.1.0"
dependencies = [
 "compusophy-gfx",
 "compusophy-term",
 "compusophy-ui",
 "compusophy-uiwire",
]

[[package]]
name = "compusophy-text"
version = "0.1.0"
dependencies = [
 "compusophy-font",
 "compusophy-gfx",
]

[[package]]
name = "compusophy-tiny"
version = "0.1.0"

[[package]]
name = "compusophy-toolbox"
version = "0.1.0"

[[package]]
name = "compusophy-ui"
version = "0.1.0"
dependencies = [
 "compusophy-gfx",
 "compusophy-icons",
 "compusophy-kernel",
 "compusophy-text",
 "compusophy-uiwire",
 "compusophy-vfs",
]

[[package]]
name = "compusophy-uiview"
version = "0.1.0"
dependencies = [
 "compusophy-canvas",
 "compusophy-gfx",
 "compusophy-ui",
 "compusophy-uiwire",
]

[[package]]
name = "compusophy-uiwire"
version = "0.1.0"

[[package]]
name = "compusophy-vfs"
version = "0.1.0"

[[package]]
name = "compusophy-vt"
version = "0.1.0"

[[package]]
name = "compusophy-wasi"
version = "0.1.0"
dependencies = [
 "compusophy-kernel",
 "compusophy-vfs",
]

[[package]]
name = "compusophy-wm"
version = "0.1.0"

[[package]]
name = "eval"
version = "0.1.0"
dependencies = [
 "compusophy-evals",
 "compusophy-makes",
 "compusophy-uiwire",
]

[[package]]
name = "futures-core"
version = "0.3.34"
source = "registry+https://github.com/rust-lang/crates.io-index"
checksum = "92d699e522242e69e3003b94ecc1f960f3a5e015aa7c5d7486e65ad01dd94f5e"

[[package]]
name = "futures-task"
version = "0.3.34"
source = "registry+https://github.com/rust-lang/crates.io-index"
checksum = "cd417de3d1d015fc3bfd2b1ea46dfc7bab72ef86f1cc7cc9c78e728b34a6d1fd"

[[package]]
name = "futures-util"
version = "0.3.34"
source = "registry+https://github.com/rust-lang/crates.io-index"
checksum = "0d50a92467f8ba5dd6e3ee5d4bd04d73ab2e4e1c44474a0674821dfce14b79bc"
dependencies = [
 "futures-core",
 "futures-task",
 "pin-project-lite",
 "slab",
]

[[package]]
name = "js-sys"
version = "0.3.98"
source = "registry+https://github.com/rust-lang/crates.io-index"
checksum = "67df7112613f8bfd9150013a0314e196f4800d3201ae742489d999db2f979f08"
dependencies = [
 "cfg-if",
 "futures-util",
 "once_cell",
 "wasm-bindgen",
]

[[package]]
name = "once_cell"
version = "1.21.4"
source = "registry+https://github.com/rust-lang/crates.io-index"
checksum = "9f7c3e4beb33f85d45ae3e3a1792185706c8e16d043238c593331cc7cd313b50"

[[package]]
name = "pin-project-lite"
version = "0.2.17"
source = "registry+https://github.com/rust-lang/crates.io-index"
checksum = "a89322df9ebe1c1578d689c92318e070967d1042b512afbe49518723f4e6d5cd"

[[package]]
name = "proc-macro2"
version = "1.0.107"
source = "registry+https://github.com/rust-lang/crates.io-index"
checksum = "985e7ec9bb745e6ce6535b544d84d6cd6f7ad8bd711c398938ae983b91a766d9"
dependencies = [
 "unicode-ident",
]

[[package]]
name = "quote"
version = "1.0.47"
source = "registry+https://github.com/rust-lang/crates.io-index"
checksum = "1fbf4db142a473a8d80c26bbf18454ed458bf8d26c8219c331daecfdbd079001"
dependencies = [
 "proc-macro2",
]

[[package]]
name = "rustversion"
version = "1.0.23"
source = "registry+https://github.com/rust-lang/crates.io-index"
checksum = "cf54715a573b99ac80df0bc206da022bcd442c974952c7b9720069370852e21f"

[[package]]
name = "serve"
version = "0.1.0"

[[package]]
name = "slab"
version = "0.4.12"
source = "registry+https://github.com/rust-lang/crates.io-index"
checksum = "0c790de23124f9ab44544d7ac05d60440adc586479ce501c1d6d7da3cd8c9cf5"

[[package]]
name = "syn"
version = "2.0.119"
source = "registry+https://github.com/rust-lang/crates.io-index"
checksum = "872831b642d1a07999a962a351ed35b955ea2cfc8f3862091e2a240a84f17297"
dependencies = [
 "proc-macro2",
 "quote",
 "unicode-ident",
]

[[package]]
name = "unicode-ident"
version = "1.0.26"
source = "registry+https://github.com/rust-lang/crates.io-index"
checksum = "d245f478577f809a851594d02313b640fb437e0bb33866753cff937863096954"

[[package]]
name = "wasm-bindgen"
version = "0.2.121"
source = "registry+https://github.com/rust-lang/crates.io-index"
checksum = "49ace1d07c165b0864824eee619580c4689389afa9dc9ed3a4c75040d82e6790"
dependencies = [
 "cfg-if",
 "once_cell",
 "rustversion",
 "wasm-bindgen-macro",
 "wasm-bindgen-shared",
]

[[package]]
name = "wasm-bindgen-macro"
version = "0.2.121"
source = "registry+https://github.com/rust-lang/crates.io-index"
checksum = "8e68e6f4afd367a562002c05637acb8578ff2dea1943df76afb9e83d177c8578"
dependencies = [
 "quote",
 "wasm-bindgen-macro-support",
]

[[package]]
name = "wasm-bindgen-macro-support"
version = "0.2.121"
source = "registry+https://github.com/rust-lang/crates.io-index"
checksum = "d95a9ec35c64b2a7cb35d3fead40c4238d0940c86d107136999567a4703259f2"
dependencies = [
 "bumpalo",
 "proc-macro2",
 "quote",
 "syn",
 "wasm-bindgen-shared",
]

[[package]]
name = "wasm-bindgen-shared"
version = "0.2.121"
source = "registry+https://github.com/rust-lang/crates.io-index"
checksum = "c4e0100b01e9f0d03189a92b96772a1fb998639d981193d7dbab487302513441"
dependencies = [
 "unicode-ident",
]

[[package]]
name = "web-sys"
version = "0.3.98"
source = "registry+https://github.com/rust-lang/crates.io-index"
checksum = "4b572dff8bcf38bad0fa19729c89bb5748b2b9b1d8be70cf90df697e3a8f32aa"
dependencies = [
 "js-sys",
 "wasm-bindgen",
]
